<?xml version="1.0" encoding="UTF-8" standalone="yes" ?>
<CodeBlocks_project_file>
	<FileVersion major="1" minor="6" />
	<Project>
		<Option title="ofxGuiExample" />
		<Option pch_mode="2" />
		<Option compiler="gcc" />
		<Option virtualFolders="addons/;src/;" />
		<Build>
			<Target title="Debug">
				<Option output="bin/ofxGuiExample_debug" prefix_auto="1" extension_auto="1" />
				<Option working_dir="bin" />
				<Option object_output="obj/Debug/" />
				<Option external_deps="../../../libs/openFrameworksCompiled/lib/linux64/libopenFrameworksDebug.a;" />
				<Option type="1" />
				<Option compiler="gcc" />
				<Option projectLinkerOptionsRelation="2" />
				<Compiler>
					<Add option="-g" />
					<Add option="-MMD" />
				</Compiler>
				<Linker>
					<Add library="openFrameworksDebug" />
				</Linker>
			</Target>
			<Target title="Release">
				<Option output="bin/ofxGuiExample" prefix_auto="1" extension_auto="1" />
				<Option working_dir="bin" />
				<Option object_output="obj/Release/" />
				<Option external_deps="../../../libs/openFrameworksCompiled/lib/linux64/libopenFrameworks.a;" />
				<Option type="1" />
				<Option compiler="gcc" />
				<Option projectLinkerOptionsRelation="2" />
				<Compiler>
					<Add option="-march=native" />
					<Add option="-O3" />
					<Add option="-MMD" />
				</Compiler>
				<Linker>
					<Add option="-s" />
					<Add library="openFrameworks" />
				</Linker>
			</Target>
			<Environment>
				<Variable name="target" value="ofxGuiExample" />
				<Variable name="runOnBuild" value="false" />
				<Variable name="nautilusOnBuild" value="false" />
			</Environment>
		</Build>
		<Compiler>
			<Add option="-Wall" />
			<Add option="-fexceptions" />
			<Add directory="../../../addons/" />
			<Add directory="../../../libs/openFrameworks/" />
			<Add directory="../../../libs/openFrameworks/events" />
			<Add directory="../../../libs/openFrameworks/app" />
			<Add directory="../../../libs/openFrameworks/communication" />
			<Add directory="../../../libs/openFrameworks/graphics" />
			<Add directory="../../../libs/openFrameworks/video" />
			<Add directory="../../../libs/openFrameworks/utils" />
			<Add directory="../../../libs/openFrameworks/sound" />
			<Add directory="../../../libs/rtAudio/include" />
			<Add directory="../../../libs/fmodex/include" />
			<Add directory="../../../libs/glee/include" />
			<Add directory="../../../libs/glee/" />
			<Add directory="../../../libs/FreeImage/include" />
			<Add directory="../../../libs/freetype/include" />
			<Add directory="../../../libs/freetype/include/freetype2" />
			<Add directory="../../../libs/unicap/include" />
			<Add directory="../../../libs/gstappsink/include" />
			<Add directory="../../../addons" />
			<Add directory="../../../libs/poco/include" />
			<Add directory="../../../addons/ofxGui/src" />
			<Add directory="../../../addons/ofxVectorMath/src" />
			<Add directory="../../../addons/ofxXmlSettings/src" />
			<Add directory="../../../addons/ofxXmlSettings/libs" />
			<Add directory="../../../addons/ofxDirList/src" />
		</Compiler>
		<Linker>
			<Add library="fmodex" />
			<Add library="raw1394" />
			<Add library="glut" />
			<Add library="GL" />
			<Add library="GLU" />
			<Add library="Xxf86vm" />
			<Add library="asound" />
			<Add library="PocoFoundation" />
			<Add library="unicap" />
			<Add library="freetype" />
			<Add library="freeimage" />
			<Add library="RtAudio" />
			<Add library="GLee" />
			<Add library="oFappsink" />
			<Add directory="../../../libs/freetype/lib/linux64" />
			<Add directory="../../../libs/FreeImage/lib/linux64" />
			<Add directory="../../../libs/rtAudio/lib/linux64" />
			<Add directory="../../../libs/glee/lib/linux64" />
			<Add directory="../../../libs/gstappsink/lib/linux64" />
			<Add directory="../../../libs/fmodex/lib/linux64" />
			<Add directory="../../../libs/unicap/lib/linux64" />
			<Add directory="../../../libs/poco/lib/linux64" />
			<Add directory="../../../libs/openFrameworksCompiled/lib/linux64" />
		</Linker>
		<ExtraCommands>
			<Add after="#" />
			<Add after="#      copy libs and shell script to bin directory:" />
			<Add after="#" />
			<Add after="cp -r ../../../export/linux64/libs $(PROJECT_DIR)bin/" />
			<Add after="cp ../../../export/linux64/clickToLaunchApp.sh $(PROJECT_DIR)bin/clickToLaunchApp_$(TARGET_NAME).sh" />
			<Add after="sed -i s/applicationName/$(TARGET_OUTPUT_BASENAME)/g  $(PROJECT_DIR)bin/clickToLaunchApp_$(TARGET_NAME).sh" />
			<Add after="#" />
			<Add after="#    this is a shell script that can either (a) run the app or (b) launch nautilus to a good directory for you to run the app" />
			<Add after="#" />
			<Add after="./cb_build_runner.sh $(TARGET_OUTPUT_BASENAME) $runOnBuild $nautilusOnBuild" />
			<Add after="#" />
			<Add after="#     to enable either, change the custom variables in project-&gt;build options-&gt;custom variables" />
			<Add after="#     to true / false." />
			<Add after="#" />
			<Add after="#     currently this is disabled, but allows you to run the app from w/in CB." />
			<Add after="#" />
			<Mode after="always" />
		</ExtraCommands>
		<Unit filename="../../../addons/ofxDirList/src/ofxDirList.cpp" />
		<Unit filename="../../../addons/ofxDirList/src/ofxDirList.h" />
		<Unit filename="../../../addons/ofxGui/src/ofxGui.cpp" />
		<Unit filename="../../../addons/ofxGui/src/ofxGui.h" />
		<Unit filename="../../../addons/ofxGui/src/ofxGuiApp.h" />
		<Unit filename="../../../addons/ofxGui/src/ofxGuiButton.cpp" />
		<Unit filename="../../../addons/ofxGui/src/ofxGuiButton.h" />
		<Unit filename="../../../addons/ofxGui/src/ofxGuiColor.cpp" />
		<Unit filename="../../../addons/ofxGui/src/ofxGuiColor.h" />
		<Unit filename="../../../addons/ofxGui/src/ofxGuiFiles.cpp" />
		<Unit filename="../../../addons/ofxGui/src/ofxGuiFiles.h" />
		<Unit filename="../../../addons/ofxGui/src/ofxGuiGlobals.cpp" />
		<Unit filename="../../../addons/ofxGui/src/ofxGuiGlobals.h" />
		<Unit filename="../../../addons/ofxGui/src/ofxGuiKnob.cpp" />
		<Unit filename="../../../addons/ofxGui/src/ofxGuiKnob.h" />
		<Unit filename="../../../addons/ofxGui/src/ofxGuiMatrix.cpp" />
		<Unit filename="../../../addons/ofxGui/src/ofxGuiMatrix.h" />
		<Unit filename="../../../addons/ofxGui/src/ofxGuiMovable.cpp" />
		<Unit filename="../../../addons/ofxGui/src/ofxGuiMovable.h" />
		<Unit filename="../../../addons/ofxGui/src/ofxGuiObject.cpp" />
		<Unit filename="../../../addons/ofxGui/src/ofxGuiObject.h" />
		<Unit filename="../../../addons/ofxGui/src/ofxGuiPanel.cpp" />
		<Unit filename="../../../addons/ofxGui/src/ofxGuiPanel.h" />
		<Unit filename="../../../addons/ofxGui/src/ofxGuiPoints.cpp" />
		<Unit filename="../../../addons/ofxGui/src/ofxGuiPoints.h" />
		<Unit filename="../../../addons/ofxGui/src/ofxGuiRadar.cpp" />
		<Unit filename="../../../addons/ofxGui/src/ofxGuiRadar.h" />
		<Unit filename="../../../addons/ofxGui/src/ofxGuiScope.cpp" />
		<Unit filename="../../../addons/ofxGui/src/ofxGuiScope.h" />
		<Unit filename="../../../addons/ofxGui/src/ofxGuiSlider.cpp" />
		<Unit filename="../../../addons/ofxGui/src/ofxGuiSlider.h" />
		<Unit filename="../../../addons/ofxGui/src/ofxGuiSwitch.cpp" />
		<Unit filename="../../../addons/ofxGui/src/ofxGuiSwitch.h" />
		<Unit filename="../../../addons/ofxGui/src/ofxGuiTypes.h" />
		<Unit filename="../../../addons/ofxGui/src/ofxGuiXYPad.cpp" />
		<Unit filename="../../../addons/ofxGui/src/ofxGuiXYPad.h" />
		<Unit filename="../../../addons/ofxVectorMath/src/ofxMatrix3x3.cpp" />
		<Unit filename="../../../addons/ofxVectorMath/src/ofxMatrix3x3.h" />
		<Unit filename="../../../addons/ofxVectorMath/src/ofxMatrix4x4.cpp" />
		<Unit filename="../../../addons/ofxVectorMath/src/ofxMatrix4x4.h" />
		<Unit filename="../../../addons/ofxVectorMath/src/ofxPoint2f.h" />
		<Unit filename="../../../addons/ofxVectorMath/src/ofxPoint3f.h" />
		<Unit filename="../../../addons/ofxVectorMath/src/ofxPoint4f.h" />
		<Unit filename="../../../addons/ofxVectorMath/src/ofxQuaternion.cpp" />
		<Unit filename="../../../addons/ofxVectorMath/src/ofxQuaternion.h" />
		<Unit filename="../../../addons/ofxVectorMath/src/ofxVec2f.h" />
		<Unit filename="../../../addons/ofxVectorMath/src/ofxVec3f.h" />
		<Unit filename="../../../addons/ofxVectorMath/src/ofxVec4f.h" />
		<Unit filename="../../../addons/ofxVectorMath/src/ofxVectorMath.h" />
		<Unit filename="../../../addons/ofxXmlSettings/libs/tinyxml.cpp" />
		<Unit filename="../../../addons/ofxXmlSettings/libs/tinyxml.h" />
		<Unit filename="../../../addons/ofxXmlSettings/libs/tinyxmlerror.cpp" />
		<Unit filename="../../../addons/ofxXmlSettings/libs/tinyxmlparser.cpp" />
		<Unit filename="../../../addons/ofxXmlSettings/src/ofxXmlSettings.cpp" />
		<Unit filename="../../../addons/ofxXmlSettings/src/ofxXmlSettings.h" />
		<Unit filename="src/gui.h" />
		<Unit filename="src/main.cpp" />
		<Unit filename="src/testApp.cpp" />
		<Unit filename="src/testApp.h" />
		<Extensions>
			<lib_finder>
				<lib name="gstreamer-0.10" />
				<lib name="gstreamer-video-0.10" />
				<lib name="gstreamer-base-0.10" />
				<lib name="libudev" />
			</lib_finder>
			<code_completion />
			<envvars />
			<debugger />
		</Extensions>
	</Project>
</CodeBlocks_project_file>
